
Microsoft Visual Studio Solution File, Format Version 12.00
# Visual Studio Version 17
VisualStudioVersion = 17.6.33829.357
MinimumVisualStudioVersion = 10.0.40219.1
Project("{9A19103F-16F7-4668-BE54-9A1E7A4F7556}") = "UniversityManagement", "UniversityManagement\UniversityManagement.csproj", "{80D78479-FA85-42B2-9C5F-EB534B808BC4}"
EndProject
Project("{9A19103F-16F7-4668-BE54-9A1E7A4F7556}") = "UniversityManagement.Core", "UniversityManagement.Core\UniversityManagement.Core.csproj", "{B5E11173-2B8C-4FD9-AA69-2E0253E02D7D}"
EndProject
Project("{2150E333-8FDC-42A3-9474-1A3956D46DE8}") = "Solution Items", "Solution Items", "{8CAB8C9D-C9C8-4FC9-8067-4FA5FD13BB22}"
	ProjectSection(SolutionItems) = preProject
		.editorconfig = .editorconfig
	EndProjectSection
EndProject
Global
	GlobalSection(SolutionConfigurationPlatforms) = preSolution
		Debug|Any CPU = Debug|Any CPU
		Release|Any CPU = Release|Any CPU
	EndGlobalSection
	GlobalSection(ProjectConfigurationPlatforms) = postSolution
		{80D78479-FA85-42B2-9C5F-EB534B808BC4}.Debug|Any CPU.ActiveCfg = Debug|Any CPU
		{80D78479-FA85-42B2-9C5F-EB534B808BC4}.Debug|Any CPU.Build.0 = Debug|Any CPU
		{80D78479-FA85-42B2-9C5F-EB534B808BC4}.Release|Any CPU.ActiveCfg = Release|Any CPU
		{80D78479-FA85-42B2-9C5F-EB534B808BC4}.Release|Any CPU.Build.0 = Release|Any CPU
		{B5E11173-2B8C-4FD9-AA69-2E0253E02D7D}.Debug|Any CPU.ActiveCfg = Debug|Any CPU
		{B5E11173-2B8C-4FD9-AA69-2E0253E02D7D}.Debug|Any CPU.Build.0 = Debug|Any CPU
		{B5E11173-2B8C-4FD9-AA69-2E0253E02D7D}.Release|Any CPU.ActiveCfg = Release|Any CPU
		{B5E11173-2B8C-4FD9-AA69-2E0253E02D7D}.Release|Any CPU.Build.0 = Release|Any CPU
	EndGlobalSection
	GlobalSection(SolutionProperties) = preSolution
		HideSolutionNode = FALSE
	EndGlobalSection
	GlobalSection(ExtensibilityGlobals) = postSolution
		SolutionGuid = {DAE53676-13A2-4685-B4CE-AE17AEB44983}
	EndGlobalSection
EndGlobal
